
Microsoft Visual Studio Solution File, Format Version 12.00
# Visual Studio Version 16
VisualStudioVersion = 16.0.31112.23
MinimumVisualStudioVersion = 10.0.40219.1
Project("{9A19103F-16F7-4668-BE54-9A1E7A4F7556}") = "HistoricalTrainApi", "HistoricalTrainApi\HistoricalTrainApi.csproj", "{8CA53C2D-49EB-4982-93FB-5B00A232F898}"
EndProject
Project("{9A19103F-16F7-4668-BE54-9A1E7A4F7556}") = "HistoricalTrainApi.Models", "HistoricalTrainApi.Models\HistoricalTrainApi.Models.csproj", "{B9AC8549-AA40-4773-B04A-96A49E180D47}"
EndProject
Project("{9A19103F-16F7-4668-BE54-9A1E7A4F7556}") = "HistoricalTrainApi.Repositories", "HistoricalTrainApi.Repositories\HistoricalTrainApi.Repositories.csproj", "{8FE28E44-5C7C-4D6D-AB31-8F2B29F9D48F}"
EndProject
Project("{FAE04EC0-301F-11D3-BF4B-00C04F79EFBC}") = "HistoricalTrainApi.Tests", "HistoricalTrainApi.Tests\HistoricalTrainApi.Tests.csproj", "{1511F604-2BF3-4BBF-8EA7-514D80CBF375}"
EndProject
Global
	GlobalSection(SolutionConfigurationPlatforms) = preSolution
		Debug|Any CPU = Debug|Any CPU
		Release|Any CPU = Release|Any CPU
	EndGlobalSection
	GlobalSection(ProjectConfigurationPlatforms) = postSolution
		{8CA53C2D-49EB-4982-93FB-5B00A232F898}.Debug|Any CPU.ActiveCfg = Debug|Any CPU
		{8CA53C2D-49EB-4982-93FB-5B00A232F898}.Debug|Any CPU.Build.0 = Debug|Any CPU
		{8CA53C2D-49EB-4982-93FB-5B00A232F898}.Release|Any CPU.ActiveCfg = Release|Any CPU
		{8CA53C2D-49EB-4982-93FB-5B00A232F898}.Release|Any CPU.Build.0 = Release|Any CPU
		{B9AC8549-AA40-4773-B04A-96A49E180D47}.Debug|Any CPU.ActiveCfg = Debug|Any CPU
		{B9AC8549-AA40-4773-B04A-96A49E180D47}.Debug|Any CPU.Build.0 = Debug|Any CPU
		{B9AC8549-AA40-4773-B04A-96A49E180D47}.Release|Any CPU.ActiveCfg = Release|Any CPU
		{B9AC8549-AA40-4773-B04A-96A49E180D47}.Release|Any CPU.Build.0 = Release|Any CPU
		{8FE28E44-5C7C-4D6D-AB31-8F2B29F9D48F}.Debug|Any CPU.ActiveCfg = Debug|Any CPU
		{8FE28E44-5C7C-4D6D-AB31-8F2B29F9D48F}.Debug|Any CPU.Build.0 = Debug|Any CPU
		{8FE28E44-5C7C-4D6D-AB31-8F2B29F9D48F}.Release|Any CPU.ActiveCfg = Release|Any CPU
		{8FE28E44-5C7C-4D6D-AB31-8F2B29F9D48F}.Release|Any CPU.Build.0 = Release|Any CPU
		{1511F604-2BF3-4BBF-8EA7-514D80CBF375}.Debug|Any CPU.ActiveCfg = Debug|Any CPU
		{1511F604-2BF3-4BBF-8EA7-514D80CBF375}.Debug|Any CPU.Build.0 = Debug|Any CPU
		{1511F604-2BF3-4BBF-8EA7-514D80CBF375}.Release|Any CPU.ActiveCfg = Release|Any CPU
		{1511F604-2BF3-4BBF-8EA7-514D80CBF375}.Release|Any CPU.Build.0 = Release|Any CPU
	EndGlobalSection
	GlobalSection(SolutionProperties) = preSolution
		HideSolutionNode = FALSE
	EndGlobalSection
	GlobalSection(ExtensibilityGlobals) = postSolution
		SolutionGuid = {DE22B8E9-A6F5-4214-A504-89C452CB0E9D}
	EndGlobalSection
EndGlobal
