
Microsoft Visual Studio Solution File, Format Version 12.00
# Visual Studio Version 16
VisualStudioVersion = 16.0.31112.23
MinimumVisualStudioVersion = 10.0.40219.1
Project("{2150E333-8FDC-42A3-9474-1A3956D46DE8}") = "src", "src", "{F4F794ED-C499-4962-8094-1F03A7231413}"
EndProject
Project("{2150E333-8FDC-42A3-9474-1A3956D46DE8}") = "tests", "tests", "{D895DB69-26B5-4D06-A536-FF9F198E5641}"
EndProject
Project("{9A19103F-16F7-4668-BE54-9A1E7A4F7556}") = "HistoricalTrainApi", "src\HistoricalTrainApi\HistoricalTrainApi.csproj", "{FAA4671D-D253-4440-AC3F-87BE55E3BB01}"
EndProject
Project("{9A19103F-16F7-4668-BE54-9A1E7A4F7556}") = "HistoricalTrainApi.Models", "src\HistoricalTrainApi.Models\HistoricalTrainApi.Models.csproj", "{B80CD45C-3041-4E98-AD87-8E947B646084}"
EndProject
Project("{9A19103F-16F7-4668-BE54-9A1E7A4F7556}") = "HistoricalTrainApi.Tests", "tests\HistoricalTrainApi.Tests\HistoricalTrainApi.Tests.csproj", "{16A9C3FC-2B9D-4515-8F22-C13459714871}"
EndProject
Project("{9A19103F-16F7-4668-BE54-9A1E7A4F7556}") = "HistoricalTrainApi.Repositories.Tests", "tests\HistoricalTrainApi.Repositories.Tests\HistoricalTrainApi.Repositories.Tests.csproj", "{FED5DC42-EF0B-4C83-A619-E78B5F87F5F1}"
EndProject
Project("{9A19103F-16F7-4668-BE54-9A1E7A4F7556}") = "HistoricalTrainApi.Repositories", "src\HistoricalTrainApi.Repositories\HistoricalTrainApi.Repositories.csproj", "{A69405A1-A633-46AD-BEEE-6AC84B255315}"
EndProject
Project("{9A19103F-16F7-4668-BE54-9A1E7A4F7556}") = "HistoricalTrainApi.IntegrationTests", "tests\HistoricalTrainApi.IntegrationTests\HistoricalTrainApi.IntegrationTests.csproj", "{ECA6310C-C8D8-4EEE-8835-63BE3A83DC02}"
EndProject
Global
	GlobalSection(SolutionConfigurationPlatforms) = preSolution
		Debug|Any CPU = Debug|Any CPU
		Release|Any CPU = Release|Any CPU
	EndGlobalSection
	GlobalSection(ProjectConfigurationPlatforms) = postSolution
		{FAA4671D-D253-4440-AC3F-87BE55E3BB01}.Debug|Any CPU.ActiveCfg = Debug|Any CPU
		{FAA4671D-D253-4440-AC3F-87BE55E3BB01}.Debug|Any CPU.Build.0 = Debug|Any CPU
		{FAA4671D-D253-4440-AC3F-87BE55E3BB01}.Release|Any CPU.ActiveCfg = Release|Any CPU
		{FAA4671D-D253-4440-AC3F-87BE55E3BB01}.Release|Any CPU.Build.0 = Release|Any CPU
		{B80CD45C-3041-4E98-AD87-8E947B646084}.Debug|Any CPU.ActiveCfg = Debug|Any CPU
		{B80CD45C-3041-4E98-AD87-8E947B646084}.Debug|Any CPU.Build.0 = Debug|Any CPU
		{B80CD45C-3041-4E98-AD87-8E947B646084}.Release|Any CPU.ActiveCfg = Release|Any CPU
		{B80CD45C-3041-4E98-AD87-8E947B646084}.Release|Any CPU.Build.0 = Release|Any CPU
		{16A9C3FC-2B9D-4515-8F22-C13459714871}.Debug|Any CPU.ActiveCfg = Debug|Any CPU
		{16A9C3FC-2B9D-4515-8F22-C13459714871}.Debug|Any CPU.Build.0 = Debug|Any CPU
		{16A9C3FC-2B9D-4515-8F22-C13459714871}.Release|Any CPU.ActiveCfg = Release|Any CPU
		{16A9C3FC-2B9D-4515-8F22-C13459714871}.Release|Any CPU.Build.0 = Release|Any CPU
		{FED5DC42-EF0B-4C83-A619-E78B5F87F5F1}.Debug|Any CPU.ActiveCfg = Debug|Any CPU
		{FED5DC42-EF0B-4C83-A619-E78B5F87F5F1}.Debug|Any CPU.Build.0 = Debug|Any CPU
		{FED5DC42-EF0B-4C83-A619-E78B5F87F5F1}.Release|Any CPU.ActiveCfg = Release|Any CPU
		{FED5DC42-EF0B-4C83-A619-E78B5F87F5F1}.Release|Any CPU.Build.0 = Release|Any CPU
		{A69405A1-A633-46AD-BEEE-6AC84B255315}.Debug|Any CPU.ActiveCfg = Debug|Any CPU
		{A69405A1-A633-46AD-BEEE-6AC84B255315}.Debug|Any CPU.Build.0 = Debug|Any CPU
		{A69405A1-A633-46AD-BEEE-6AC84B255315}.Release|Any CPU.ActiveCfg = Release|Any CPU
		{A69405A1-A633-46AD-BEEE-6AC84B255315}.Release|Any CPU.Build.0 = Release|Any CPU
		{ECA6310C-C8D8-4EEE-8835-63BE3A83DC02}.Debug|Any CPU.ActiveCfg = Debug|Any CPU
		{ECA6310C-C8D8-4EEE-8835-63BE3A83DC02}.Debug|Any CPU.Build.0 = Debug|Any CPU
		{ECA6310C-C8D8-4EEE-8835-63BE3A83DC02}.Release|Any CPU.ActiveCfg = Release|Any CPU
		{ECA6310C-C8D8-4EEE-8835-63BE3A83DC02}.Release|Any CPU.Build.0 = Release|Any CPU
	EndGlobalSection
	GlobalSection(SolutionProperties) = preSolution
		HideSolutionNode = FALSE
	EndGlobalSection
	GlobalSection(NestedProjects) = preSolution
		{FAA4671D-D253-4440-AC3F-87BE55E3BB01} = {F4F794ED-C499-4962-8094-1F03A7231413}
		{B80CD45C-3041-4E98-AD87-8E947B646084} = {F4F794ED-C499-4962-8094-1F03A7231413}
		{16A9C3FC-2B9D-4515-8F22-C13459714871} = {D895DB69-26B5-4D06-A536-FF9F198E5641}
		{FED5DC42-EF0B-4C83-A619-E78B5F87F5F1} = {D895DB69-26B5-4D06-A536-FF9F198E5641}
		{A69405A1-A633-46AD-BEEE-6AC84B255315} = {F4F794ED-C499-4962-8094-1F03A7231413}
		{ECA6310C-C8D8-4EEE-8835-63BE3A83DC02} = {D895DB69-26B5-4D06-A536-FF9F198E5641}
	EndGlobalSection
	GlobalSection(ExtensibilityGlobals) = postSolution
		SolutionGuid = {DE22B8E9-A6F5-4214-A504-89C452CB0E9D}
	EndGlobalSection
EndGlobal
